<?xml version="1.0" encoding="utf-8"?>
<Project ToolsVersion="4.0" xmlns="http://schemas.microsoft.com/developer/msbuild/2003">
  <ItemGroup>
    <Filter Include="Source Files">
      <UniqueIdentifier>{4FC737F1-C7A5-4376-A066-2A32D752A2FF}</UniqueIdentifier>
      <Extensions>cpp;c;cc;cxx;def;odl;idl;hpj;bat;asm;asmx</Extensions>
    </Filter>
    <Filter Include="Header Files">
      <UniqueIdentifier>{93995380-89BD-4b04-88EB-625FBE52EBFB}</UniqueIdentifier>
      <Extensions>h;hh;hpp;hxx;hm;inl;inc;ipp;xsd</Extensions>
    </Filter>
    <Filter Include="Resource Files">
      <UniqueIdentifier>{67DA6AB6-F800-4c08-8B7A-83BB121AAD01}</UniqueIdentifier>
      <Extensions>rc;ico;cur;bmp;dlg;rc2;rct;bin;rgs;gif;jpg;jpeg;jpe;resx;tiff;tif;png;wav;mfcribbon-ms</Extensions>
    </Filter>
    <Filter Include="Source Files\ZLIB">
      <UniqueIdentifier>{60ac650f-2f0e-4524-8f7b-7f20bdc89b49}</UniqueIdentifier>
    </Filter>
    <Filter Include="Source Files\PNG">
      <UniqueIdentifier>{3170d6e7-911c-4bf7-ab54-70ce0572aaa3}</UniqueIdentifier>
    </Filter>
  </ItemGroup>
  <ItemGroup>
    <ClCompile Include="source\SAR.cpp">
      <Filter>Source Files</Filter>
    </ClCompile>
    <ClCompile Include="source\BC.cpp">
      <Filter>Source Files</Filter>
    </ClCompile>
    <ClCompile Include="3rd_party\precore\datas\MasterPrinter.cpp">
      <Filter>Source Files</Filter>
    </ClCompile>
    <ClCompile Include="source\DRSM.cpp">
      <Filter>Source Files</Filter>
    </ClCompile>
    <ClCompile Include="3rd_party\zlib\adler32.c">
      <Filter>Source Files\ZLIB</Filter>
    </ClCompile>
    <ClCompile Include="3rd_party\zlib\uncompr.c">
      <Filter>Source Files\ZLIB</Filter>
    </ClCompile>
    <ClCompile Include="3rd_party\zlib\zutil.c">
      <Filter>Source Files\ZLIB</Filter>
    </ClCompile>
    <ClCompile Include="3rd_party\zlib\inffast.c">
      <Filter>Source Files\ZLIB</Filter>
    </ClCompile>
    <ClCompile Include="3rd_party\zlib\inflate.c">
      <Filter>Source Files\ZLIB</Filter>
    </ClCompile>
    <ClCompile Include="3rd_party\zlib\crc32.c">
      <Filter>Source Files\ZLIB</Filter>
    </ClCompile>
    <ClCompile Include="3rd_party\zlib\inftrees.c">
      <Filter>Source Files\ZLIB</Filter>
    </ClCompile>
    <ClCompile Include="source\LBIM.cpp">
      <Filter>Source Files</Filter>
    </ClCompile>
    <ClCompile Include="3rd_party\libpng\png.c">
      <Filter>Source Files\PNG</Filter>
    </ClCompile>
    <ClCompile Include="3rd_party\libpng\pngerror.c">
      <Filter>Source Files\PNG</Filter>
    </ClCompile>
    <ClCompile Include="3rd_party\libpng\pngget.c">
      <Filter>Source Files\PNG</Filter>
    </ClCompile>
    <ClCompile Include="3rd_party\libpng\pngmem.c">
      <Filter>Source Files\PNG</Filter>
    </ClCompile>
    <ClCompile Include="3rd_party\libpng\pngpread.c">
      <Filter>Source Files\PNG</Filter>
    </ClCompile>
    <ClCompile Include="3rd_party\libpng\pngread.c">
      <Filter>Source Files\PNG</Filter>
    </ClCompile>
    <ClCompile Include="3rd_party\libpng\pngrio.c">
      <Filter>Source Files\PNG</Filter>
    </ClCompile>
    <ClCompile Include="3rd_party\libpng\pngrtran.c">
      <Filter>Source Files\PNG</Filter>
    </ClCompile>
    <ClCompile Include="3rd_party\libpng\pngrutil.c">
      <Filter>Source Files\PNG</Filter>
    </ClCompile>
    <ClCompile Include="3rd_party\libpng\pngset.c">
      <Filter>Source Files\PNG</Filter>
    </ClCompile>
    <ClCompile Include="3rd_party\libpng\pngtest.c">
      <Filter>Source Files\PNG</Filter>
    </ClCompile>
    <ClCompile Include="3rd_party\libpng\pngtrans.c">
      <Filter>Source Files\PNG</Filter>
    </ClCompile>
    <ClCompile Include="3rd_party\libpng\pngwio.c">
      <Filter>Source Files\PNG</Filter>
    </ClCompile>
    <ClCompile Include="3rd_party\libpng\pngwrite.c">
      <Filter>Source Files\PNG</Filter>
    </ClCompile>
    <ClCompile Include="3rd_party\libpng\pngwtran.c">
      <Filter>Source Files\PNG</Filter>
    </ClCompile>
    <ClCompile Include="3rd_party\libpng\pngwutil.c">
      <Filter>Source Files\PNG</Filter>
    </ClCompile>
    <ClCompile Include="source\PNGWrap.cpp">
      <Filter>Source Files</Filter>
    </ClCompile>
    <ClCompile Include="source\MXMD.cpp">
      <Filter>Source Files</Filter>
    </ClCompile>
    <ClCompile Include="source\MTXT.cpp">
      <Filter>Source Files</Filter>
    </ClCompile>
    <ClCompile Include="3rd_party\zlib\deflate.c">
      <Filter>Source Files\ZLIB</Filter>
    </ClCompile>
    <ClCompile Include="3rd_party\zlib\trees.c">
      <Filter>Source Files\ZLIB</Filter>
    </ClCompile>
  </ItemGroup>
  <ItemGroup>
    <ClInclude Include="include\XenoLibAPI.h">
      <Filter>Header Files</Filter>
    </ClInclude>
    <ClInclude Include="include\SAR.h">
      <Filter>Header Files</Filter>
    </ClInclude>
    <ClInclude Include="include\BC.h">
      <Filter>Header Files</Filter>
    </ClInclude>
    <ClInclude Include="include\DRSM.h">
      <Filter>Header Files</Filter>
    </ClInclude>
    <ClInclude Include="source\MXMD_V1.h">
      <Filter>Header Files</Filter>
    </ClInclude>
    <ClInclude Include="include\MXMD.h">
      <Filter>Header Files</Filter>
    </ClInclude>
    <ClInclude Include="source\MXMD_Internal.h">
      <Filter>Header Files</Filter>
    </ClInclude>
    <ClInclude Include="source\MXMD_V3.h">
      <Filter>Header Files</Filter>
    </ClInclude>
  </ItemGroup>
</Project>